{
  "version": 4,
  "terraform_version": "1.15.6",
  "serial": 9,
  "lineage": "8e95c89b-a1d8-e3f7-5950-8bc6510cd27e",
  "outputs": {
    "github_actions_infra_role_arn": {
      "value": "arn:aws:iam::547320736290:role/github-actions-infra-role",
      "type": "string"
    }
  },
  "resources": [
    {
      "mode": "managed",
      "type": "aws_dynamodb_table",
      "name": "terraform_locks",
      "provider": "provider[\"registry.terraform.io/hashicorp/aws\"]",
      "instances": [
        {
          "schema_version": 1,
          "attributes": {
            "arn": "arn:aws:dynamodb:eu-north-1:547320736290:table/comercial-k8s-terraform-locks",
            "attribute": [
              {
                "name": "LockID",
                "type": "S"
              }
            ],
            "billing_mode": "PAY_PER_REQUEST",
            "deletion_protection_enabled": false,
            "global_secondary_index": [],
            "hash_key": "LockID",
            "id": "comercial-k8s-terraform-locks",
            "import_table": [],
            "local_secondary_index": [],
            "name": "comercial-k8s-terraform-locks",
            "on_demand_throughput": [],
            "point_in_time_recovery": [
              {
                "enabled": false,
                "recovery_period_in_days": 0
              }
            ],
            "range_key": null,
            "read_capacity": 0,
            "replica": [],
            "restore_date_time": null,
            "restore_source_name": null,
            "restore_source_table_arn": null,
            "restore_to_latest_time": null,
            "server_side_encryption": [],
            "stream_arn": "",
            "stream_enabled": false,
            "stream_label": "",
            "stream_view_type": "",
            "table_class": "STANDARD",
            "tags": {
              "Environment": "Production",
              "ManagedBy": "Terraform",
              "Name": "Terraform State Lock Table"
            },
            "tags_all": {
              "Environment": "Production",
              "ManagedBy": "Terraform",
              "Name": "Terraform State Lock Table"
            },
            "timeouts": null,
            "ttl": [
              {
                "attribute_name": "",
                "enabled": false
              }
            ],
            "write_capacity": 0
          },
          "sensitive_attributes": [],
          "identity_schema_version": 0,
          "private": "eyJlMmJmYjczMC1lY2FhLTExZTYtOGY4OC0zNDM2M2JjN2M0YzAiOnsiY3JlYXRlIjoxODAwMDAwMDAwMDAwLCJkZWxldGUiOjYwMDAwMDAwMDAwMCwidXBkYXRlIjozNjAwMDAwMDAwMDAwfSwic2NoZW1hX3ZlcnNpb24iOiIxIn0="
        }
      ]
    },
    {
      "mode": "managed",
      "type": "aws_iam_openid_connect_provider",
      "name": "github",
      "provider": "provider[\"registry.terraform.io/hashicorp/aws\"]",
      "instances": [
        {
          "schema_version": 0,
          "attributes": {
            "arn": "arn:aws:iam::547320736290:oidc-provider/token.actions.githubusercontent.com",
            "client_id_list": [
              "sts.amazonaws.com"
            ],
            "id": "arn:aws:iam::547320736290:oidc-provider/token.actions.githubusercontent.com",
            "tags": null,
            "tags_all": {},
            "thumbprint_list": [
              "6938fd4d98bab03faadb97b34396831e3780aea1",
              "1c58a3a8518e8759bf075b76b750d4f2df264fcd"
            ],
            "url": "token.actions.githubusercontent.com"
          },
          "sensitive_attributes": [],
          "identity_schema_version": 0,
          "private": "bnVsbA=="
        }
      ]
    },
    {
      "mode": "managed",
      "type": "aws_iam_role",
      "name": "github_actions_infra_role",
      "provider": "provider[\"registry.terraform.io/hashicorp/aws\"]",
      "instances": [
        {
          "schema_version": 0,
          "attributes": {
            "arn": "arn:aws:iam::547320736290:role/github-actions-infra-role",
            "assume_role_policy": "{\"Statement\":[{\"Action\":\"sts:AssumeRoleWithWebIdentity\",\"Condition\":{\"StringEquals\":{\"token.actions.githubusercontent.com:aud\":\"sts.amazonaws.com\"},\"StringLike\":{\"token.actions.githubusercontent.com:sub\":\"repo:Carneiro1908/ComercialKurbenetes:*\"}},\"Effect\":\"Allow\",\"Principal\":{\"Federated\":\"arn:aws:iam::547320736290:oidc-provider/token.actions.githubusercontent.com\"}}],\"Version\":\"2012-10-17\"}",
            "create_date": "2026-06-30T12:21:14Z",
            "description": "",
            "force_detach_policies": false,
            "id": "github-actions-infra-role",
            "inline_policy": [],
            "managed_policy_arns": [],
            "max_session_duration": 3600,
            "name": "github-actions-infra-role",
            "name_prefix": "",
            "path": "/",
            "permissions_boundary": "",
            "tags": null,
            "tags_all": {},
            "unique_id": "AROAX63W3VIRND5SANHE7"
          },
          "sensitive_attributes": [],
          "identity_schema_version": 0,
          "private": "bnVsbA==",
          "dependencies": [
            "aws_iam_openid_connect_provider.github"
          ]
        }
      ]
    },
    {
      "mode": "managed",
      "type": "aws_iam_role_policy",
      "name": "github_actions_permissions",
      "provider": "provider[\"registry.terraform.io/hashicorp/aws\"]",
      "instances": [
        {
          "schema_version": 0,
          "attributes": {
            "id": "github-actions-infra-role:github-actions-permissions-policy",
            "name": "github-actions-permissions-policy",
            "name_prefix": "",
            "policy": "{\"Version\":\"2012-10-17\",\"Statement\":[{\"Action\":[\"ec2:*Vpc*\",\"ec2:*Subnet*\",\"ec2:*Gateway*\",\"ec2:*Route*\",\"ec2:*Address*\",\"ec2:*SecurityGroup*\",\"ec2:*NetworkAcl*\",\"ec2:CreateTags\",\"ec2:DeleteTags\",\"ec2:Describe*\"],\"Effect\":\"Allow\",\"Resource\":\"*\",\"Sid\":\"NetworkingAndVPCPermissions\"},{\"Action\":[\"ec2:RunInstances\",\"ec2:TerminateInstances\",\"ec2:CreateKeyPair\",\"ec2:CreateLaunchTemplate\",\"ec2:DeleteLaunchTemplate\",\"ec2:CreateNetworkInterface\",\"ec2:DeleteNetworkInterface\",\"ec2:DescribeNetworkInterfaces\",\"ec2:DetachNetworkInterface\",\"ec2:AttachNetworkInterface\",\"ec2:AllocateAddress\",\"ec2:ReleaseAddress\",\"ec2:AssociateAddress\",\"ec2:DisassociateAddress\"],\"Effect\":\"Allow\",\"Resource\":\"*\",\"Sid\":\"EC2AndLaunchTemplates\"},{\"Action\":[\"eks:*\"],\"Effect\":\"Allow\",\"Resource\":\"*\",\"Sid\":\"EKSPermissions\"},{\"Action\":[\"iam:CreateRole\",\"iam:DeleteRole\",\"iam:GetRole\",\"iam:AttachRolePolicy\",\"iam:DetachRolePolicy\",\"iam:GetRolePolicy\",\"iam:PutRolePolicy\",\"iam:DeleteRolePolicy\",\"iam:PassRole\",\"iam:CreatePolicy\",\"iam:DeletePolicy\",\"iam:GetPolicy\",\"iam:GetPolicyVersion\",\"iam:ListRolePolicies\",\"iam:ListAttachedRolePolicies\",\"iam:TagRole\",\"iam:UntagRole\",\"iam:TagPolicy\",\"iam:ListPolicyVersions\",\"iam:ListInstanceProfilesForRole\",\"iam:CreateOpenIDConnectProvider\",\"iam:DeleteOpenIDConnectProvider\",\"iam:GetOpenIDConnectProvider\",\"iam:TagOpenIDConnectProvider\"],\"Effect\":\"Allow\",\"Resource\":\"*\",\"Sid\":\"IAMFullControlForEKSAndOIDC\"},{\"Action\":[\"s3:ListBucket\",\"s3:GetObject\",\"s3:PutObject\",\"s3:DeleteObject\",\"s3:GetBucketVersioning\",\"s3:GetEncryptionConfiguration\",\"s3:GetBucketPublicAccessBlock\",\"s3:GetBucketPolicy\",\"s3:GetBucketAcl\",\"s3:GetBucketCORS\",\"s3:GetBucketLogging\",\"s3:GetBucketObjectLockConfiguration\",\"s3:GetBucketRequestPayment\",\"s3:GetBucketTagging\",\"s3:GetBucketWebsite\",\"s3:GetLifecycleConfiguration\",\"s3:GetReplicationConfiguration\",\"s3:GetAccelerateConfiguration\"],\"Effect\":\"Allow\",\"Resource\":[\"arn:aws:s3:::comercial-k8s-protected-storage-tomas-2026\",\"arn:aws:s3:::comercial-k8s-protected-storage-tomas-2026/*\"],\"Sid\":\"S3StateBackend\"},{\"Action\":[\"dynamodb:GetItem\",\"dynamodb:PutItem\",\"dynamodb:DeleteItem\",\"dynamodb:DescribeTable\",\"dynamodb:DescribeContinuousBackups\",\"dynamodb:DescribeTimeToLive\",\"dynamodb:ListTagsOfResource\",\"dynamodb:DescribeKinesisStreamingDestination\",\"dynamodb:DescribeTableReplicaAutoScaling\"],\"Effect\":\"Allow\",\"Resource\":\"arn:aws:dynamodb:eu-north-1:*:table/comercial-k8s-terraform-locks\",\"Sid\":\"DynamoDBLocking\"},{\"Action\":[\"iam:CreateServiceLinkedRole\"],\"Condition\":{\"StringEquals\":{\"iam:AWSServiceName\":[\"eks.amazonaws.com\",\"eks-nodegroup.amazonaws.com\",\"elasticloadbalancing.amazonaws.com\",\"autoscaling.amazonaws.com\"]}},\"Effect\":\"Allow\",\"Resource\":\"*\",\"Sid\":\"ServiceLinkedRoles\"},{\"Action\":[\"ecr:CreateRepository\",\"ecr:DeleteRepository\",\"ecr:DescribeRepositories\",\"ecr:ListImages\",\"ecr:TagResource\",\"ecr:UntagResource\",\"ecr:ListTagsForResource\",\"ecr:SetRepositoryPolicy\",\"ecr:GetRepositoryPolicy\",\"ecr:PutLifecyclePolicy\",\"ecr:GetLifecyclePolicy\",\"ecr:DeleteLifecyclePolicy\",\"ecr:PutImageScanningConfiguration\",\"ecr:PutImageTagMutability\"],\"Effect\":\"Allow\",\"Resource\":\"*\",\"Sid\":\"ECRManagement\"},{\"Action\":[\"logs:CreateLogGroup\",\"logs:DeleteLogGroup\",\"logs:DescribeLogGroups\",\"logs:ListTagsForResource\",\"logs:TagResource\",\"logs:PutRetentionPolicy\"],\"Effect\":\"Allow\",\"Resource\":\"*\",\"Sid\":\"CloudWatchLogsManagement\"},{\"Action\":[\"kms:CreateKey\",\"kms:TagResource\",\"kms:DescribeKey\",\"kms:ScheduleKeyDeletion\",\"kms:CreateAlias\",\"kms:DeleteAlias\",\"kms:RetireGrant\",\"kms:CreateGrant\",\"kms:ListGrants\",\"kms:ListAliases\"],\"Effect\":\"Allow\",\"Resource\":\"*\",\"Sid\":\"KMSKeyManagement\"}]}",
            "role": "github-actions-infra-role"
          },
          "sensitive_attributes": [],
          "identity_schema_version": 0,
          "private": "bnVsbA==",
          "dependencies": [
            "aws_iam_openid_connect_provider.github",
            "aws_iam_role.github_actions_infra_role"
          ]
        }
      ]
    },
    {
      "mode": "managed",
      "type": "aws_s3_bucket",
      "name": "protected_bucket",
      "provider": "provider[\"registry.terraform.io/hashicorp/aws\"]",
      "instances": [
        {
          "schema_version": 0,
          "attributes": {
            "acceleration_status": "",
            "acl": null,
            "arn": "arn:aws:s3:::comercial-k8s-protected-storage-tomas-2026",
            "bucket": "comercial-k8s-protected-storage-tomas-2026",
            "bucket_domain_name": "comercial-k8s-protected-storage-tomas-2026.s3.amazonaws.com",
            "bucket_prefix": "",
            "bucket_regional_domain_name": "comercial-k8s-protected-storage-tomas-2026.s3.eu-north-1.amazonaws.com",
            "cors_rule": [],
            "force_destroy": false,
            "grant": [
              {
                "id": "5ebcbb24da1970b62cdd87478763bb0cc7edd303cbf3d780525390f457aefd79",
                "permissions": [
                  "FULL_CONTROL"
                ],
                "type": "CanonicalUser",
                "uri": ""
              }
            ],
            "hosted_zone_id": "Z3BAZG2TWCNX0D",
            "id": "comercial-k8s-protected-storage-tomas-2026",
            "lifecycle_rule": [],
            "logging": [],
            "object_lock_configuration": [],
            "object_lock_enabled": false,
            "policy": "",
            "region": "eu-north-1",
            "replication_configuration": [],
            "request_payer": "BucketOwner",
            "server_side_encryption_configuration": [
              {
                "rule": [
                  {
                    "apply_server_side_encryption_by_default": [
                      {
                        "kms_master_key_id": "",
                        "sse_algorithm": "AES256"
                      }
                    ],
                    "bucket_key_enabled": false
                  }
                ]
              }
            ],
            "tags": {
              "Environment": "Production",
              "ManagedBy": "Terraform",
              "Name": "Protected Infrastructure Storage"
            },
            "tags_all": {
              "Environment": "Production",
              "ManagedBy": "Terraform",
              "Name": "Protected Infrastructure Storage"
            },
            "timeouts": null,
            "versioning": [
              {
                "enabled": false,
                "mfa_delete": false
              }
            ],
            "website": [],
            "website_domain": null,
            "website_endpoint": null
          },
          "sensitive_attributes": [],
          "identity_schema_version": 0,
          "private": "eyJlMmJmYjczMC1lY2FhLTExZTYtOGY4OC0zNDM2M2JjN2M0YzAiOnsiY3JlYXRlIjoxMjAwMDAwMDAwMDAwLCJkZWxldGUiOjM2MDAwMDAwMDAwMDAsInJlYWQiOjEyMDAwMDAwMDAwMDAsInVwZGF0ZSI6MTIwMDAwMDAwMDAwMH19"
        }
      ]
    },
    {
      "mode": "managed",
      "type": "aws_s3_bucket_public_access_block",
      "name": "block_public_access",
      "provider": "provider[\"registry.terraform.io/hashicorp/aws\"]",
      "instances": [
        {
          "schema_version": 0,
          "attributes": {
            "block_public_acls": true,
            "block_public_policy": true,
            "bucket": "comercial-k8s-protected-storage-tomas-2026",
            "id": "comercial-k8s-protected-storage-tomas-2026",
            "ignore_public_acls": true,
            "restrict_public_buckets": true
          },
          "sensitive_attributes": [],
          "identity_schema_version": 0,
          "private": "bnVsbA==",
          "dependencies": [
            "aws_s3_bucket.protected_bucket"
          ]
        }
      ]
    },
    {
      "mode": "managed",
      "type": "aws_s3_bucket_server_side_encryption_configuration",
      "name": "bucket_encryption",
      "provider": "provider[\"registry.terraform.io/hashicorp/aws\"]",
      "instances": [
        {
          "schema_version": 0,
          "attributes": {
            "bucket": "comercial-k8s-protected-storage-tomas-2026",
            "expected_bucket_owner": "",
            "id": "comercial-k8s-protected-storage-tomas-2026",
            "rule": [
              {
                "apply_server_side_encryption_by_default": [
                  {
                    "kms_master_key_id": "",
                    "sse_algorithm": "AES256"
                  }
                ],
                "bucket_key_enabled": null
              }
            ]
          },
          "sensitive_attributes": [],
          "identity_schema_version": 0,
          "private": "bnVsbA==",
          "dependencies": [
            "aws_s3_bucket.protected_bucket"
          ]
        }
      ]
    },
    {
      "mode": "managed",
      "type": "aws_s3_bucket_versioning",
      "name": "bucket_versioning",
      "provider": "provider[\"registry.terraform.io/hashicorp/aws\"]",
      "instances": [
        {
          "schema_version": 0,
          "attributes": {
            "bucket": "comercial-k8s-protected-storage-tomas-2026",
            "expected_bucket_owner": "",
            "id": "comercial-k8s-protected-storage-tomas-2026",
            "mfa": null,
            "versioning_configuration": [
              {
                "mfa_delete": "",
                "status": "Enabled"
              }
            ]
          },
          "sensitive_attributes": [],
          "identity_schema_version": 0,
          "private": "bnVsbA==",
          "dependencies": [
            "aws_s3_bucket.protected_bucket"
          ]
        }
      ]
    }
  ],
  "check_results": null
}
